
Microsoft Visual Studio Solution File, Format Version 12.00
# Visual Studio Version 16
VisualStudioVersion = 16.0.30516.212
MinimumVisualStudioVersion = 10.0.40219.1
Project("{9A19103F-16F7-4668-BE54-9A1E7A4F7556}") = "Calculator.ConsoleApp", "Calculator.ConsoleApp\Calculator.ConsoleApp.csproj", "{EBD1BD87-6722-454A-9060-C87AA1B7F446}"
EndProject
Project("{9A19103F-16F7-4668-BE54-9A1E7A4F7556}") = "Calculator.Infrastructure", "Calculator.Infrastructure\Calculator.Infrastructure.csproj", "{20692CD7-4E2B-4039-9032-91F5B6F8BFCE}"
EndProject
Project("{9A19103F-16F7-4668-BE54-9A1E7A4F7556}") = "Calculator.Operations", "Calculator.Operations\Calculator.Operations.csproj", "{935BA8FE-7F5E-4857-A7D0-F9C44BB5F449}"
EndProject
Project("{9A19103F-16F7-4668-BE54-9A1E7A4F7556}") = "Calculator.Engine", "Calculator.Engine\Calculator.Engine.csproj", "{98C6C619-1095-4292-B203-9502429E9DDD}"
EndProject
Project("{9A19103F-16F7-4668-BE54-9A1E7A4F7556}") = "Calculator.Infrastructure.Cache", "Calculator.Infrastructure.Cache\Calculator.Infrastructure.Cache.csproj", "{8A61F04B-7C91-4A8C-A3B4-CCBA5A4B5286}"
EndProject
Project("{9A19103F-16F7-4668-BE54-9A1E7A4F7556}") = "Calculator.Infrastructure.Cache.InMemory", "Calculator.Infrastructure.Cache.InMemory\Calculator.Infrastructure.Cache.InMemory.csproj", "{17D061F8-0629-46D7-9FC9-D0590EF0D17C}"
EndProject
Project("{9A19103F-16F7-4668-BE54-9A1E7A4F7556}") = "Calculator.WebApi", "Calculator.WebApi\Calculator.WebApi.csproj", "{29BBD187-AE65-4626-B157-5CE067CC04E6}"
EndProject
Project("{9A19103F-16F7-4668-BE54-9A1E7A4F7556}") = "Calculator.InputParser", "Calculator.InputParser\Calculator.InputParser.csproj", "{71D55207-B834-4CF5-8E0C-B1C1B4923DA8}"
EndProject
Project("{9A19103F-16F7-4668-BE54-9A1E7A4F7556}") = "Calculator.Infrastructure.Cache.Dashboard", "Calculator.Infrastructure.Cache.Dashboard\Calculator.Infrastructure.Cache.Dashboard.csproj", "{509DBE13-DB58-4851-B160-35B73522409C}"
EndProject
Project("{9A19103F-16F7-4668-BE54-9A1E7A4F7556}") = "Calculator.WebApi.SwaggerConfiguration", "Calculator.WebApi.SwaggerConfiguration\Calculator.WebApi.SwaggerConfiguration.csproj", "{1FEA6D10-0136-4B60-9C61-CDDBAD11D695}"
EndProject
Project("{FAE04EC0-301F-11D3-BF4B-00C04F79EFBC}") = "Calculator.Infrastructure.Cache.Extensions", "Calculator.Infrastructure.Cache.Extensions\Calculator.Infrastructure.Cache.Extensions.csproj", "{4061E8D9-CDCD-4DA6-BD3C-787345B16BA9}"
EndProject
Project("{2150E333-8FDC-42A3-9474-1A3956D46DE8}") = "Cache", "Cache", "{910D21B7-24CE-47A0-85F9-0DC8E002D9BA}"
EndProject
Global
	GlobalSection(SolutionConfigurationPlatforms) = preSolution
		Debug|Any CPU = Debug|Any CPU
		Release|Any CPU = Release|Any CPU
	EndGlobalSection
	GlobalSection(ProjectConfigurationPlatforms) = postSolution
		{EBD1BD87-6722-454A-9060-C87AA1B7F446}.Debug|Any CPU.ActiveCfg = Debug|Any CPU
		{EBD1BD87-6722-454A-9060-C87AA1B7F446}.Debug|Any CPU.Build.0 = Debug|Any CPU
		{EBD1BD87-6722-454A-9060-C87AA1B7F446}.Release|Any CPU.ActiveCfg = Release|Any CPU
		{EBD1BD87-6722-454A-9060-C87AA1B7F446}.Release|Any CPU.Build.0 = Release|Any CPU
		{20692CD7-4E2B-4039-9032-91F5B6F8BFCE}.Debug|Any CPU.ActiveCfg = Debug|Any CPU
		{20692CD7-4E2B-4039-9032-91F5B6F8BFCE}.Debug|Any CPU.Build.0 = Debug|Any CPU
		{20692CD7-4E2B-4039-9032-91F5B6F8BFCE}.Release|Any CPU.ActiveCfg = Release|Any CPU
		{20692CD7-4E2B-4039-9032-91F5B6F8BFCE}.Release|Any CPU.Build.0 = Release|Any CPU
		{935BA8FE-7F5E-4857-A7D0-F9C44BB5F449}.Debug|Any CPU.ActiveCfg = Debug|Any CPU
		{935BA8FE-7F5E-4857-A7D0-F9C44BB5F449}.Debug|Any CPU.Build.0 = Debug|Any CPU
		{935BA8FE-7F5E-4857-A7D0-F9C44BB5F449}.Release|Any CPU.ActiveCfg = Release|Any CPU
		{935BA8FE-7F5E-4857-A7D0-F9C44BB5F449}.Release|Any CPU.Build.0 = Release|Any CPU
		{98C6C619-1095-4292-B203-9502429E9DDD}.Debug|Any CPU.ActiveCfg = Debug|Any CPU
		{98C6C619-1095-4292-B203-9502429E9DDD}.Debug|Any CPU.Build.0 = Debug|Any CPU
		{98C6C619-1095-4292-B203-9502429E9DDD}.Release|Any CPU.ActiveCfg = Release|Any CPU
		{98C6C619-1095-4292-B203-9502429E9DDD}.Release|Any CPU.Build.0 = Release|Any CPU
		{8A61F04B-7C91-4A8C-A3B4-CCBA5A4B5286}.Debug|Any CPU.ActiveCfg = Debug|Any CPU
		{8A61F04B-7C91-4A8C-A3B4-CCBA5A4B5286}.Debug|Any CPU.Build.0 = Debug|Any CPU
		{8A61F04B-7C91-4A8C-A3B4-CCBA5A4B5286}.Release|Any CPU.ActiveCfg = Release|Any CPU
		{8A61F04B-7C91-4A8C-A3B4-CCBA5A4B5286}.Release|Any CPU.Build.0 = Release|Any CPU
		{17D061F8-0629-46D7-9FC9-D0590EF0D17C}.Debug|Any CPU.ActiveCfg = Debug|Any CPU
		{17D061F8-0629-46D7-9FC9-D0590EF0D17C}.Debug|Any CPU.Build.0 = Debug|Any CPU
		{17D061F8-0629-46D7-9FC9-D0590EF0D17C}.Release|Any CPU.ActiveCfg = Release|Any CPU
		{17D061F8-0629-46D7-9FC9-D0590EF0D17C}.Release|Any CPU.Build.0 = Release|Any CPU
		{29BBD187-AE65-4626-B157-5CE067CC04E6}.Debug|Any CPU.ActiveCfg = Debug|Any CPU
		{29BBD187-AE65-4626-B157-5CE067CC04E6}.Debug|Any CPU.Build.0 = Debug|Any CPU
		{29BBD187-AE65-4626-B157-5CE067CC04E6}.Release|Any CPU.ActiveCfg = Release|Any CPU
		{29BBD187-AE65-4626-B157-5CE067CC04E6}.Release|Any CPU.Build.0 = Release|Any CPU
		{71D55207-B834-4CF5-8E0C-B1C1B4923DA8}.Debug|Any CPU.ActiveCfg = Debug|Any CPU
		{71D55207-B834-4CF5-8E0C-B1C1B4923DA8}.Debug|Any CPU.Build.0 = Debug|Any CPU
		{71D55207-B834-4CF5-8E0C-B1C1B4923DA8}.Release|Any CPU.ActiveCfg = Release|Any CPU
		{71D55207-B834-4CF5-8E0C-B1C1B4923DA8}.Release|Any CPU.Build.0 = Release|Any CPU
		{509DBE13-DB58-4851-B160-35B73522409C}.Debug|Any CPU.ActiveCfg = Debug|Any CPU
		{509DBE13-DB58-4851-B160-35B73522409C}.Debug|Any CPU.Build.0 = Debug|Any CPU
		{509DBE13-DB58-4851-B160-35B73522409C}.Release|Any CPU.ActiveCfg = Release|Any CPU
		{509DBE13-DB58-4851-B160-35B73522409C}.Release|Any CPU.Build.0 = Release|Any CPU
		{1FEA6D10-0136-4B60-9C61-CDDBAD11D695}.Debug|Any CPU.ActiveCfg = Debug|Any CPU
		{1FEA6D10-0136-4B60-9C61-CDDBAD11D695}.Debug|Any CPU.Build.0 = Debug|Any CPU
		{1FEA6D10-0136-4B60-9C61-CDDBAD11D695}.Release|Any CPU.ActiveCfg = Release|Any CPU
		{1FEA6D10-0136-4B60-9C61-CDDBAD11D695}.Release|Any CPU.Build.0 = Release|Any CPU
		{4061E8D9-CDCD-4DA6-BD3C-787345B16BA9}.Debug|Any CPU.ActiveCfg = Debug|Any CPU
		{4061E8D9-CDCD-4DA6-BD3C-787345B16BA9}.Debug|Any CPU.Build.0 = Debug|Any CPU
		{4061E8D9-CDCD-4DA6-BD3C-787345B16BA9}.Release|Any CPU.ActiveCfg = Release|Any CPU
		{4061E8D9-CDCD-4DA6-BD3C-787345B16BA9}.Release|Any CPU.Build.0 = Release|Any CPU
	EndGlobalSection
	GlobalSection(SolutionProperties) = preSolution
		HideSolutionNode = FALSE
	EndGlobalSection
	GlobalSection(NestedProjects) = preSolution
		{8A61F04B-7C91-4A8C-A3B4-CCBA5A4B5286} = {910D21B7-24CE-47A0-85F9-0DC8E002D9BA}
		{17D061F8-0629-46D7-9FC9-D0590EF0D17C} = {910D21B7-24CE-47A0-85F9-0DC8E002D9BA}
		{509DBE13-DB58-4851-B160-35B73522409C} = {910D21B7-24CE-47A0-85F9-0DC8E002D9BA}
		{4061E8D9-CDCD-4DA6-BD3C-787345B16BA9} = {910D21B7-24CE-47A0-85F9-0DC8E002D9BA}
	EndGlobalSection
	GlobalSection(ExtensibilityGlobals) = postSolution
		SolutionGuid = {670A02D6-F406-45EB-8ECE-81FB92FDBB9A}
	EndGlobalSection
EndGlobal
